
Microsoft Visual Studio Solution File, Format Version 12.00
# Visual Studio Version 17
VisualStudioVersion = 17.3.32922.545
MinimumVisualStudioVersion = 10.0.40219.1
Project("{FAE04EC0-301F-11D3-BF4B-00C04F79EFBC}") = "WebCrud", "WebCrud\WebCrud.csproj", "{BFC4FF9B-7305-4BA8-A7D1-87E93403129F}"
EndProject
Global
	GlobalSection(SolutionConfigurationPlatforms) = preSolution
		Debug|Any CPU = Debug|Any CPU
		Release|Any CPU = Release|Any CPU
	EndGlobalSection
	GlobalSection(ProjectConfigurationPlatforms) = postSolution
		{BFC4FF9B-7305-4BA8-A7D1-87E93403129F}.Debug|Any CPU.ActiveCfg = Debug|Any CPU
		{BFC4FF9B-7305-4BA8-A7D1-87E93403129F}.Debug|Any CPU.Build.0 = Debug|Any CPU
		{BFC4FF9B-7305-4BA8-A7D1-87E93403129F}.Release|Any CPU.ActiveCfg = Release|Any CPU
		{BFC4FF9B-7305-4BA8-A7D1-87E93403129F}.Release|Any CPU.Build.0 = Release|Any CPU
	EndGlobalSection
	GlobalSection(SolutionProperties) = preSolution
		HideSolutionNode = FALSE
	EndGlobalSection
	GlobalSection(ExtensibilityGlobals) = postSolution
		SolutionGuid = {3E723C70-67C3-402A-B7B3-343B0D838CFE}
	EndGlobalSection
EndGlobal
